
Microsoft Visual Studio Solution File, Format Version 12.00
# Visual Studio Version 17
VisualStudioVersion = 17.9.34728.123
MinimumVisualStudioVersion = 10.0.40219.1
Project("{FAE04EC0-301F-11D3-BF4B-00C04F79EFBC}") = "Ejercicios", "Ejercicios\Ejercicios.csproj", "{865811A0-24D2-49D6-85E5-43B3C78D4B04}"
EndProject
Global
	GlobalSection(SolutionConfigurationPlatforms) = preSolution
		Debug|Any CPU = Debug|Any CPU
		Release|Any CPU = Release|Any CPU
	EndGlobalSection
	GlobalSection(ProjectConfigurationPlatforms) = postSolution
		{865811A0-24D2-49D6-85E5-43B3C78D4B04}.Debug|Any CPU.ActiveCfg = Debug|Any CPU
		{865811A0-24D2-49D6-85E5-43B3C78D4B04}.Debug|Any CPU.Build.0 = Debug|Any CPU
		{865811A0-24D2-49D6-85E5-43B3C78D4B04}.Release|Any CPU.ActiveCfg = Release|Any CPU
		{865811A0-24D2-49D6-85E5-43B3C78D4B04}.Release|Any CPU.Build.0 = Release|Any CPU
	EndGlobalSection
	GlobalSection(SolutionProperties) = preSolution
		HideSolutionNode = FALSE
	EndGlobalSection
	GlobalSection(ExtensibilityGlobals) = postSolution
		SolutionGuid = {960C2D91-BB3D-450E-A55E-4C3BA913E1DB}
	EndGlobalSection
EndGlobal
